# THIS IS AN AUTOGENERATED FILE. DO NOT EDIT THIS FILE DIRECTLY.
# yarn lockfile v1


"@babel/helper-string-parser@^7.27.1":
  version "7.27.1"
  resolved "https://registry.npmjs.org/@babel/helper-string-parser/-/helper-string-parser-7.27.1.tgz"
  integrity sha512-qMlSxKbpRlAridDExk92nSobyDdpPijUq2DW6oDnUqd0iOGxmQjyqhMIihI9+zv4LPyZdRje2cavWPbCbWm3eA==

"@babel/helper-validator-identifier@^7.28.5":
  version "7.28.5"
  resolved "https://registry.npmjs.org/@babel/helper-validator-identifier/-/helper-validator-identifier-7.28.5.tgz"
  integrity sha512-qSs4ifwzKJSV39ucNjsvc6WVHs6b7S03sOh2OcHF9UHfVPqWWALUsNUVzhSBiItjRZoLHx7nIarVjqKVusUZ1Q==

"@babel/parser@^7.29.2":
  version "7.29.2"
  resolved "https://registry.npmjs.org/@babel/parser/-/parser-7.29.2.tgz"
  integrity sha512-4GgRzy/+fsBa72/RZVJmGKPmZu9Byn8o4MoLpmNe1m8ZfYnz5emHLQz3U4gLud6Zwl0RZIcgiLD7Uq7ySFuDLA==
  dependencies:
    "@babel/types" "^7.29.0"

"@babel/runtime@^7.1.2":
  version "7.29.2"
  resolved "https://registry.npmjs.org/@babel/runtime/-/runtime-7.29.2.tgz"
  integrity sha512-JiDShH45zKHWyGe4ZNVRrCjBz8Nh9TMmZG1kh4QTK8hCBTWBi8Da+i7s1fJw7/lYpM4ccepSNfqzZ/QvABBi5g==

"@babel/types@^7.29.0":
  version "7.29.0"
  resolved "https://registry.npmjs.org/@babel/types/-/types-7.29.0.tgz"
  integrity sha512-LwdZHpScM4Qz8Xw2iKSzS+cfglZzJGvofQICy7W7v4caru4EaAmyUuO6BGrbyQ2mYV11W0U8j5mBhd14dd3B0A==
  dependencies:
    "@babel/helper-string-parser" "^7.27.1"
    "@babel/helper-validator-identifier" "^7.28.5"

"@ctrl/tinycolor@^4.2.0":
  version "4.2.0"
  resolved "https://registry.npmjs.org/@ctrl/tinycolor/-/tinycolor-4.2.0.tgz"
  integrity sha512-kzyuwOAQnXJNLS9PSyrk0CWk35nWJW/zl/6KvnTBMFK65gm7U1/Z5BqjxeapjZCIhQcM/DsrEmcbRwDyXyXK4A==

"@element-plus/icons-vue@^2.3.2":
  version "2.3.2"
  resolved "https://registry.npmjs.org/@element-plus/icons-vue/-/icons-vue-2.3.2.tgz"
  integrity sha512-OzIuTaIfC8QXEPmJvB4Y4kw34rSXdCJzxcD1kFStBvr8bK6X1zQAYDo0CNMjojnfTqRQCJ0I7prlErcoRiET2A==

"@floating-ui/core@^1.7.5":
  version "1.7.5"
  resolved "https://registry.npmjs.org/@floating-ui/core/-/core-1.7.5.tgz"
  integrity sha512-1Ih4WTWyw0+lKyFMcBHGbb5U5FtuHJuujoyyr5zTaWS5EYMeT6Jb2AuDeftsCsEuchO+mM2ij5+q9crhydzLhQ==
  dependencies:
    "@floating-ui/utils" "^0.2.11"

"@floating-ui/dom@^1.0.1", "@floating-ui/dom@^1.7.6":
  version "1.7.6"
  resolved "https://registry.npmjs.org/@floating-ui/dom/-/dom-1.7.6.tgz"
  integrity sha512-9gZSAI5XM36880PPMm//9dfiEngYoC6Am2izES1FF406YFsjvyBMmeJ2g4SAju3xWwtuynNRFL2s9hgxpLI5SQ==
  dependencies:
    "@floating-ui/core" "^1.7.5"
    "@floating-ui/utils" "^0.2.11"

"@floating-ui/react-dom@^2.0.2":
  version "2.1.8"
  resolved "https://registry.npmjs.org/@floating-ui/react-dom/-/react-dom-2.1.8.tgz"
  integrity sha512-cC52bHwM/n/CxS87FH0yWdngEZrjdtLW/qVruo68qg+prK7ZQ4YGdut2GyDVpoGeAYe/h899rVeOVm6Oi40k2A==
  dependencies:
    "@floating-ui/dom" "^1.7.6"

"@floating-ui/react@^0.25.4":
  version "0.25.4"
  resolved "https://registry.npmjs.org/@floating-ui/react/-/react-0.25.4.tgz"
  integrity sha512-lWRQ/UiTvSIBxohn0/2HFHEmnmOVRjl7j6XcRJuLH0ls6f/9AyHMWVzkAJFuwx0n9gaEeCmg9VccCSCJzbEJig==
  dependencies:
    "@floating-ui/react-dom" "^2.0.2"
    "@floating-ui/utils" "^0.1.1"
    tabbable "^6.0.1"

"@floating-ui/utils@^0.1.1":
  version "0.1.6"
  resolved "https://registry.npmjs.org/@floating-ui/utils/-/utils-0.1.6.tgz"
  integrity sha512-OfX7E2oUDYxtBvsuS4e/jSn4Q9Qb6DzgeYtsAdkPZ47znpoNsMgZw0+tVijiv3uGNR6dgNlty6r9rzIzHjtd/A==

"@floating-ui/utils@^0.2.11":
  version "0.2.11"
  resolved "https://registry.npmjs.org/@floating-ui/utils/-/utils-0.2.11.tgz"
  integrity sha512-RiB/yIh78pcIxl6lLMG0CgBXAZ2Y0eVHqMPYugu+9U0AeT6YBeiJpf7lbdJNIugFP5SIjwNRgo4DhR1Qxi26Gg==

"@jridgewell/sourcemap-codec@^1.5.5":
  version "1.5.5"
  resolved "https://registry.npmjs.org/@jridgewell/sourcemap-codec/-/sourcemap-codec-1.5.5.tgz"
  integrity sha512-cYQ9310grqxueWbl+WuIUIaiUaDcj7WOq5fVhEljNVgRfOUhY9fy2zTvfoqWsnebh8Sl70VScFbICvJnLKB0Og==

"@mediapipe/pose@^0.5.1635988162":
  version "0.5.1635988162"
  resolved "https://registry.npmjs.org/@mediapipe/pose/-/pose-0.5.1635988162.tgz"
  integrity sha512-t0dpl+iG/MTPtPPxEYHyVWo+X7G+qgYUYaB4y9pxavQRNzuQQeHeSmUnT+A8qOKnuB0ccxgyrrFmGUaaL0F3wQ==

"@popperjs/core@npm:@sxzz/popperjs-es@^2.11.7":
  version "2.11.8"
  resolved "https://registry.npmjs.org/@sxzz/popperjs-es/-/popperjs-es-2.11.8.tgz"
  integrity sha512-wOwESXvvED3S8xBmcPWHs2dUuzrE4XiZeFu7e1hROIJkm02a49N120pmOXxY33sBb6hArItm5W5tcg1cBtV+HQ==

"@rollup/pluginutils@^4.1.0":
  version "4.2.1"
  resolved "https://registry.npmjs.org/@rollup/pluginutils/-/pluginutils-4.2.1.tgz"
  integrity sha512-iKnFXr7NkdZAIHiIWE+BX5ULi/ucVFYWD6TbAV+rZctiRTY2PL6tsIKhoIOaoskiWAkgu+VsbXgUVDNLHf+InQ==
  dependencies:
    estree-walker "^2.0.1"
    picomatch "^2.2.2"

"@types/d3-array@^3.0.3":
  version "3.2.2"
  resolved "https://registry.npmjs.org/@types/d3-array/-/d3-array-3.2.2.tgz"
  integrity sha512-hOLWVbm7uRza0BYXpIIW5pxfrKe0W+D5lrFiAEYR+pb6w3N2SwSMaJbXdUfSEv+dT4MfHBLtn5js0LAWaO6otw==

"@types/d3-color@*":
  version "3.1.3"
  resolved "https://registry.npmjs.org/@types/d3-color/-/d3-color-3.1.3.tgz"
  integrity sha512-iO90scth9WAbmgv7ogoq57O9YpKmFBbmoEoCHDB2xMBY0+/KVrqAaCDyCE16dUspeOvIxFFRI+0sEtqDqy2b4A==

"@types/d3-ease@^3.0.0":
  version "3.0.2"
  resolved "https://registry.npmjs.org/@types/d3-ease/-/d3-ease-3.0.2.tgz"
  integrity sha512-NcV1JjO5oDzoK26oMzbILE6HW7uVXOHLQvHshBUW4UMdZGfiY6v5BeQwh9a9tCzv+CeefZQHJt5SRgK154RtiA==

"@types/d3-interpolate@^3.0.1":
  version "3.0.4"
  resolved "https://registry.npmjs.org/@types/d3-interpolate/-/d3-interpolate-3.0.4.tgz"
  integrity sha512-mgLPETlrpVV1YRJIglr4Ez47g7Yxjl1lj7YKsiMCb27VJH9W8NVM6Bb9d8kkpG/uAQS5AmbA48q2IAolKKo1MA==
  dependencies:
    "@types/d3-color" "*"

"@types/d3-path@*":
  version "3.1.1"
  resolved "https://registry.npmjs.org/@types/d3-path/-/d3-path-3.1.1.tgz"
  integrity sha512-VMZBYyQvbGmWyWVea0EHs/BwLgxc+MKi1zLDCONksozI4YJMcTt8ZEuIR4Sb1MMTE8MMW49v0IwI5+b7RmfWlg==

"@types/d3-scale@^4.0.2":
  version "4.0.9"
  resolved "https://registry.npmjs.org/@types/d3-scale/-/d3-scale-4.0.9.tgz"
  integrity sha512-dLmtwB8zkAeO/juAMfnV+sItKjlsw2lKdZVVy6LRr0cBmegxSABiLEpGVmSJJ8O08i4+sGR6qQtb6WtuwJdvVw==
  dependencies:
    "@types/d3-time" "*"

"@types/d3-shape@^3.1.0":
  version "3.1.8"
  resolved "https://registry.npmjs.org/@types/d3-shape/-/d3-shape-3.1.8.tgz"
  integrity sha512-lae0iWfcDeR7qt7rA88BNiqdvPS5pFVPpo5OfjElwNaT2yyekbM0C9vK+yqBqEmHr6lDkRnYNoTBYlAgJa7a4w==
  dependencies:
    "@types/d3-path" "*"

"@types/d3-time@*", "@types/d3-time@^3.0.0":
  version "3.0.4"
  resolved "https://registry.npmjs.org/@types/d3-time/-/d3-time-3.0.4.tgz"
  integrity sha512-yuzZug1nkAAaBlBBikKZTgzCeA+k1uy4ZFwWANOfKw5z5LRhV0gNA7gNkKm7HoK+HRN0wX3EkxGk0fpbWhmB7g==

"@types/d3-timer@^3.0.0":
  version "3.0.2"
  resolved "https://registry.npmjs.org/@types/d3-timer/-/d3-timer-3.0.2.tgz"
  integrity sha512-Ps3T8E8dZDam6fUyNiMkekK3XUsaUEik+idO9/YjPtfj2qruF8tFBXS7XhtE4iIXBLxhmLjP3SXpLhVf21I9Lw==

"@types/lodash-es@*", "@types/lodash-es@^4.17.12":
  version "4.17.12"
  resolved "https://registry.npmjs.org/@types/lodash-es/-/lodash-es-4.17.12.tgz"
  integrity sha512-0NgftHUcV4v34VhXm8QBSftKVXtbkBG3ViCjs6+eJ5a6y6Mi/jiFGPc1sC7QK+9BFhWrURE3EOggmWaSxL9OzQ==
  dependencies:
    "@types/lodash" "*"

"@types/lodash@*", "@types/lodash@^4.17.20":
  version "4.17.24"
  resolved "https://registry.npmjs.org/@types/lodash/-/lodash-4.17.24.tgz"
  integrity sha512-gIW7lQLZbue7lRSWEFql49QJJWThrTFFeIMJdp3eH4tKoxm1OvEPg02rm4wCCSHS0cL3/Fizimb35b7k8atwsQ==

"@types/offscreencanvas@^2019.7.0":
  version "2019.7.0"
  resolved "https://registry.npmjs.org/@types/offscreencanvas/-/offscreencanvas-2019.7.0.tgz"
  integrity sha512-PGcyveRIpL1XIqK8eBsmRBt76eFgtzuPiSTyKHZxnGemp2yzGzWpjYKAfK3wIMiU7eH+851yEpiuP8JZerTmWg==

"@types/web-bluetooth@^0.0.20":
  version "0.0.20"
  resolved "https://registry.npmjs.org/@types/web-bluetooth/-/web-bluetooth-0.0.20.tgz"
  integrity sha512-g9gZnnXVq7gM7v3tJCWV/qw7w+KeOlSHAhgF9RytFyifW6AF61hdT2ucrYhPq9hLs5JIryeupHV3qGk95dH9ow==

"@vitejs/plugin-vue@^2.3.3":
  version "2.3.3"
  resolved "https://registry.npmjs.org/@vitejs/plugin-vue/-/plugin-vue-2.3.3.tgz"
  integrity sha512-SmQLDyhz+6lGJhPELsBdzXGc+AcaT8stgkbiTFGpXPe8Tl1tJaBw1A6pxDqDuRsVkD8uscrkx3hA7QDOoKYtyw==

"@volar/language-core@2.4.28":
  version "2.4.28"
  resolved "https://registry.npmjs.org/@volar/language-core/-/language-core-2.4.28.tgz"
  integrity sha512-w4qhIJ8ZSitgLAkVay6AbcnC7gP3glYM3fYwKV3srj8m494E3xtrCv6E+bWviiK/8hs6e6t1ij1s2Endql7vzQ==
  dependencies:
    "@volar/source-map" "2.4.28"

"@volar/source-map@2.4.28":
  version "2.4.28"
  resolved "https://registry.npmjs.org/@volar/source-map/-/source-map-2.4.28.tgz"
  integrity sha512-yX2BDBqJkRXfKw8my8VarTyjv48QwxdJtvRgUpNE5erCsgEUdI2DsLbpa+rOQVAJYshY99szEcRDmyHbF10ggQ==

"@volar/typescript@2.4.28":
  version "2.4.28"
  resolved "https://registry.npmjs.org/@volar/typescript/-/typescript-2.4.28.tgz"
  integrity sha512-Ja6yvWrbis2QtN4ClAKreeUZPVYMARDYZl9LMEv1iQ1QdepB6wn0jTRxA9MftYmYa4DQ4k/DaSZpFPUfxl8giw==
  dependencies:
    "@volar/language-core" "2.4.28"
    path-browserify "^1.0.1"
    vscode-uri "^3.0.8"

"@vue/compiler-core@3.5.33":
  version "3.5.33"
  resolved "https://registry.npmjs.org/@vue/compiler-core/-/compiler-core-3.5.33.tgz"
  integrity sha512-3PZLQwFw4Za3TC8t0FvTy3wI16Kt+pmwcgNZca4Pj9iWL2E72a/gZlpBtAJvEdDMdCxdG/qq0C7PN0bsJuv0Rw==
  dependencies:
    "@babel/parser" "^7.29.2"
    "@vue/shared" "3.5.33"
    entities "^7.0.1"
    estree-walker "^2.0.2"
    source-map-js "^1.2.1"

"@vue/compiler-dom@^3.5.0", "@vue/compiler-dom@3.5.33":
  version "3.5.33"
  resolved "https://registry.npmjs.org/@vue/compiler-dom/-/compiler-dom-3.5.33.tgz"
  integrity sha512-PXq0yrfCLzzL07rbXO4awtXY1Z06LG2eu6Adg3RJFa/j3Cii217XxxLXG22N330gw7GmALCY0Z8RgXEviwgpjA==
  dependencies:
    "@vue/compiler-core" "3.5.33"
    "@vue/shared" "3.5.33"

"@vue/compiler-sfc@3.5.33":
  version "3.5.33"
  resolved "https://registry.npmjs.org/@vue/compiler-sfc/-/compiler-sfc-3.5.33.tgz"
  integrity sha512-UTUvRO9cY+rROrx/pvN9P5Z7FgA6QGfokUCfhQE4EnmUj3rVnK+CHI0LsEO1pg+I7//iRYMUfcNcCPe7tg0CoA==
  dependencies:
    "@babel/parser" "^7.29.2"
    "@vue/compiler-core" "3.5.33"
    "@vue/compiler-dom" "3.5.33"
    "@vue/compiler-ssr" "3.5.33"
    "@vue/shared" "3.5.33"
    estree-walker "^2.0.2"
    magic-string "^0.30.21"
    postcss "^8.5.10"
    source-map-js "^1.2.1"

"@vue/compiler-ssr@3.5.33":
  version "3.5.33"
  resolved "https://registry.npmjs.org/@vue/compiler-ssr/-/compiler-ssr-3.5.33.tgz"
  integrity sha512-IErjYdnj1qIupG5xxiVIYiiRvDhGWV4zuh/RCrwfYpuL+HWQzeU6lCk/nF9r7olWMnjKxCAkOctT2qFWFkzb1A==
  dependencies:
    "@vue/compiler-dom" "3.5.33"
    "@vue/shared" "3.5.33"

"@vue/language-core@3.2.7":
  version "3.2.7"
  resolved "https://registry.npmjs.org/@vue/language-core/-/language-core-3.2.7.tgz"
  integrity sha512-Gn4q/tRxbpVGLEuARQ43p3YELlNAFgRUVCgW9U5Cr+5q4vfD2bWDWpl3ABbJMXUt5xlE1dF8dkigg2aUq7JYYw==
  dependencies:
    "@volar/language-core" "2.4.28"
    "@vue/compiler-dom" "^3.5.0"
    "@vue/shared" "^3.5.0"
    alien-signals "^3.1.2"
    muggle-string "^0.4.1"
    path-browserify "^1.0.1"
    picomatch "^4.0.4"

"@vue/reactivity@3.5.33":
  version "3.5.33"
  resolved "https://registry.npmjs.org/@vue/reactivity/-/reactivity-3.5.33.tgz"
  integrity sha512-p8UfIqyIhb0rYGlSgSBV+lPhF2iUSBcRy7enhTmPqKWadHy9kcOFYF1AejYBP9P+avnd3OBbD49DU4pLWX/94A==
  dependencies:
    "@vue/shared" "3.5.33"

"@vue/runtime-core@3.5.33":
  version "3.5.33"
  resolved "https://registry.npmjs.org/@vue/runtime-core/-/runtime-core-3.5.33.tgz"
  integrity sha512-UpFF45RI9//a7rvq7RdOQblb4tup7hHG9QsmIrxkFQLzQ7R8/iNQ5LE15NhLZ1/WcHMU2b47u6P33CPUelHyIQ==
  dependencies:
    "@vue/reactivity" "3.5.33"
    "@vue/shared" "3.5.33"

"@vue/runtime-dom@3.5.33":
  version "3.5.33"
  resolved "https://registry.npmjs.org/@vue/runtime-dom/-/runtime-dom-3.5.33.tgz"
  integrity sha512-IOxMsAOwquhfITgmOgaPYl7/j8gKUxUFoflRc+u4LxyD3+783xne8vNta1PONVCvCV9A0w7hkyEepINDqfO0tw==
  dependencies:
    "@vue/reactivity" "3.5.33"
    "@vue/runtime-core" "3.5.33"
    "@vue/shared" "3.5.33"
    csstype "^3.2.3"

"@vue/server-renderer@3.5.33":
  version "3.5.33"
  resolved "https://registry.npmjs.org/@vue/server-renderer/-/server-renderer-3.5.33.tgz"
  integrity sha512-0xylq/8/h44lVG0pZFknv1XIdEgymq2E9n59uTWJBG+dIgiT0TMCSsxrN7nO16Z0MU0MPjFcguBbZV8Itk52Hw==
  dependencies:
    "@vue/compiler-ssr" "3.5.33"
    "@vue/shared" "3.5.33"

"@vue/shared@^3.5.0", "@vue/shared@3.5.33":
  version "3.5.33"
  resolved "https://registry.npmjs.org/@vue/shared/-/shared-3.5.33.tgz"
  integrity sha512-5vR2QIlmaLG77Ygd4pMP6+SGQ5yox9VhtnbDWTy9DzMzdmeLxZ1QqxrywEZ9sa1AVubfIJyaCG3ytyWU81ufcQ==

"@vueuse/core@12.0.0":
  version "12.0.0"
  resolved "https://registry.npmjs.org/@vueuse/core/-/core-12.0.0.tgz"
  integrity sha512-C12RukhXiJCbx4MGhjmd/gH52TjJsc3G0E0kQj/kb19H3Nt6n1CA4DRWuTdWWcaFRdlTe0npWDS942mvacvNBw==
  dependencies:
    "@types/web-bluetooth" "^0.0.20"
    "@vueuse/metadata" "12.0.0"
    "@vueuse/shared" "12.0.0"
    vue "^3.5.13"

"@vueuse/metadata@12.0.0":
  version "12.0.0"
  resolved "https://registry.npmjs.org/@vueuse/metadata/-/metadata-12.0.0.tgz"
  integrity sha512-Yzimd1D3sjxTDOlF05HekU5aSGdKjxhuhRFHA7gDWLn57PRbBIh+SF5NmjhJ0WRgF3my7T8LBucyxdFJjIfRJQ==

"@vueuse/shared@12.0.0":
  version "12.0.0"
  resolved "https://registry.npmjs.org/@vueuse/shared/-/shared-12.0.0.tgz"
  integrity sha512-3i6qtcq2PIio5i/vVYidkkcgvmTjCqrf26u+Fd4LhnbBmIT6FN8y6q/GJERp8lfcB9zVEfjdV0Br0443qZuJpw==
  dependencies:
    vue "^3.5.13"

alien-signals@^3.1.2:
  version "3.1.2"
  resolved "https://registry.npmjs.org/alien-signals/-/alien-signals-3.1.2.tgz"
  integrity sha512-d9dYqZTS90WLiU0I5c6DHj/HcKkF8ZyGN3G5x8wSbslulz70KOxaqCT0hQCo9KOyhVqzqGojvNdJXoTumZOtcw==

anymatch@~3.1.2:
  version "3.1.3"
  resolved "https://registry.npmjs.org/anymatch/-/anymatch-3.1.3.tgz"
  integrity sha512-KMReFUr0B4t+D+OBkjR3KYqvocp2XaSzO55UcB6mgQMd3KbcE+mWTyvVV7D/zsdEbNnV6acZUutkiHQXvTr1Rw==
  dependencies:
    normalize-path "^3.0.0"
    picomatch "^2.0.4"

async-validator@^4.2.5:
  version "4.2.5"
  resolved "https://registry.npmjs.org/async-validator/-/async-validator-4.2.5.tgz"
  integrity sha512-7HhHjtERjqlNbZtqNqy2rckN/SpOOlmDliet+lP7k+eKZEjPk3DgyeU9lIXLdeLz0uBbbVp+9Qdow9wJWgwwfg==

binary-extensions@^2.0.0:
  version "2.2.0"
  resolved "https://registry.npmjs.org/binary-extensions/-/binary-extensions-2.2.0.tgz"
  integrity sha512-jDctJ/IVQbZoJykoeHbhXpOlNBqGNcwXJKJog42E5HDPUwQTSdjCHdihjj0DlnheQ7blbT6dHOafNAiS8ooQKA==

braces@~3.0.2:
  version "3.0.2"
  resolved "https://registry.npmjs.org/braces/-/braces-3.0.2.tgz"
  integrity sha512-b8um+L1RzM3WDSzvhm6gIz1yfTbBt6YTlcEKAvsmqCZZFw46z626lVj9j1yEPW33H5H+lBQpZMP1k8l+78Ha0A==
  dependencies:
    fill-range "^7.0.1"

"chokidar@>=3.0.0 <4.0.0":
  version "3.5.3"
  resolved "https://registry.npmjs.org/chokidar/-/chokidar-3.5.3.tgz"
  integrity sha512-Dr3sfKRP6oTcjf2JmUmFJfeVMvXBdegxB0iVQ5eb2V10uFJUCAS8OByZdVAyVb8xXNz3GjjTgj9kLWsZTqE6kw==
  dependencies:
    anymatch "~3.1.2"
    braces "~3.0.2"
    glob-parent "~5.1.2"
    is-binary-path "~2.1.0"
    is-glob "~4.0.1"
    normalize-path "~3.0.0"
    readdirp "~3.6.0"
  optionalDependencies:
    fsevents "~2.3.2"

classnames@^2.2.5, classnames@^2.2.6:
  version "2.5.1"
  resolved "https://registry.npmjs.org/classnames/-/classnames-2.5.1.tgz"
  integrity sha512-saHYOzhIQs6wy2sVxTM6bUDsQO4F50V9RQ22qBpEdCW+I+/Wmke2HOl6lS6dTpdxVhb88/I6+Hs+438c3lfUow==

css-unit-converter@^1.1.1:
  version "1.1.2"
  resolved "https://registry.npmjs.org/css-unit-converter/-/css-unit-converter-1.1.2.tgz"
  integrity sha512-IiJwMC8rdZE0+xiEZHeru6YoONC4rfPMqGm2W85jMIbkFvv5nFTwJVFHam2eFrN6txmoUYFAFXiv8ICVeTO0MA==

csstype@^3.2.3:
  version "3.2.3"
  resolved "https://registry.npmjs.org/csstype/-/csstype-3.2.3.tgz"
  integrity sha512-z1HGKcYy2xA8AGQfwrn0PAy+PB7X/GSj3UVJW9qKyn43xWa+gl5nXmU4qqLMRzWVLFC8KusUX8T/0kCiOYpAIQ==

d3-array@^3.1.6, "d3-array@2 - 3", "d3-array@2.10.0 - 3":
  version "3.2.4"
  resolved "https://registry.npmjs.org/d3-array/-/d3-array-3.2.4.tgz"
  integrity sha512-tdQAmyA18i4J7wprpYq8ClcxZy3SC31QMeByyCFyRt7BVHdREQZ5lpzoe5mFEYZUWe+oq8HBvk9JjpibyEV4Jg==
  dependencies:
    internmap "1 - 2"

"d3-color@1 - 3":
  version "3.1.0"
  resolved "https://registry.npmjs.org/d3-color/-/d3-color-3.1.0.tgz"
  integrity sha512-zg/chbXyeBtMQ1LbD/WSoW2DpC3I0mpmPdW+ynRTj/x2DAWYrIY7qeZIHidozwV24m4iavr15lNwIwLxRmOxhA==

d3-ease@^3.0.1:
  version "3.0.1"
  resolved "https://registry.npmjs.org/d3-ease/-/d3-ease-3.0.1.tgz"
  integrity sha512-wR/XK3D3XcLIZwpbvQwQ5fK+8Ykds1ip7A2Txe0yxncXSdq1L9skcG7blcedkOX+ZcgxGAmLX1FrRGbADwzi0w==

"d3-format@1 - 3":
  version "3.1.2"
  resolved "https://registry.npmjs.org/d3-format/-/d3-format-3.1.2.tgz"
  integrity sha512-AJDdYOdnyRDV5b6ArilzCPPwc1ejkHcoyFarqlPqT7zRYjhavcT3uSrqcMvsgh2CgoPbK3RCwyHaVyxYcP2Arg==

d3-interpolate@^3.0.1, "d3-interpolate@1.2.0 - 3":
  version "3.0.1"
  resolved "https://registry.npmjs.org/d3-interpolate/-/d3-interpolate-3.0.1.tgz"
  integrity sha512-3bYs1rOD33uo8aqJfKP3JWPAibgw8Zm2+L9vBKEHJ2Rg+viTR7o5Mmv5mZcieN+FRYaAOWX5SJATX6k1PWz72g==
  dependencies:
    d3-color "1 - 3"

d3-path@^3.1.0:
  version "3.1.0"
  resolved "https://registry.npmjs.org/d3-path/-/d3-path-3.1.0.tgz"
  integrity sha512-p3KP5HCf/bvjBSSKuXid6Zqijx7wIfNW+J/maPs+iwR35at5JCbLUT0LzF1cnjbCHWhqzQTIN2Jpe8pRebIEFQ==

d3-scale@^4.0.2:
  version "4.0.2"
  resolved "https://registry.npmjs.org/d3-scale/-/d3-scale-4.0.2.tgz"
  integrity sha512-GZW464g1SH7ag3Y7hXjf8RoUuAFIqklOAq3MRl4OaWabTFJY9PN/E1YklhXLh+OQ3fM9yS2nOkCoS+WLZ6kvxQ==
  dependencies:
    d3-array "2.10.0 - 3"
    d3-format "1 - 3"
    d3-interpolate "1.2.0 - 3"
    d3-time "2.1.1 - 3"
    d3-time-format "2 - 4"

d3-shape@^3.1.0:
  version "3.2.0"
  resolved "https://registry.npmjs.org/d3-shape/-/d3-shape-3.2.0.tgz"
  integrity sha512-SaLBuwGm3MOViRq2ABk3eLoxwZELpH6zhl3FbAoJ7Vm1gofKx6El1Ib5z23NUEhF9AsGl7y+dzLe5Cw2AArGTA==
  dependencies:
    d3-path "^3.1.0"

"d3-time-format@2 - 4":
  version "4.1.0"
  resolved "https://registry.npmjs.org/d3-time-format/-/d3-time-format-4.1.0.tgz"
  integrity sha512-dJxPBlzC7NugB2PDLwo9Q8JiTR3M3e4/XANkreKSUxF8vvXKqm1Yfq4Q5dl8budlunRVlUUaDUgFt7eA8D6NLg==
  dependencies:
    d3-time "1 - 3"

d3-time@^3.0.0, "d3-time@1 - 3", "d3-time@2.1.1 - 3":
  version "3.1.0"
  resolved "https://registry.npmjs.org/d3-time/-/d3-time-3.1.0.tgz"
  integrity sha512-VqKjzBLejbSMT4IgbmVgDjpkYrNWUYJnbCGo874u7MMKIWsILRX+OpX/gTk8MqjpT1A/c6HY2dCA77ZN0lkQ2Q==
  dependencies:
    d3-array "2 - 3"

d3-timer@^3.0.1:
  version "3.0.1"
  resolved "https://registry.npmjs.org/d3-timer/-/d3-timer-3.0.1.tgz"
  integrity sha512-ndfJ/JxxMd3nw31uyKoY2naivF+r29V+Lc0svZxe1JvvIRmi8hUsrMvdOwgS1o6uBHmiz91geQ0ylPP0aj1VUA==

dayjs@^1.11.19:
  version "1.11.20"
  resolved "https://registry.npmjs.org/dayjs/-/dayjs-1.11.20.tgz"
  integrity sha512-YbwwqR/uYpeoP4pu043q+LTDLFBLApUP6VxRihdfNTqu4ubqMlGDLd6ErXhEgsyvY0K6nCs7nggYumAN+9uEuQ==

decimal.js-light@^2.4.1:
  version "2.5.1"
  resolved "https://registry.npmjs.org/decimal.js-light/-/decimal.js-light-2.5.1.tgz"
  integrity sha512-qIMFpTMZmny+MMIitAB6D7iVPEorVw6YQRWkvarTkT4tBeSLLiHzcwj6q0MmYSFCiVpiqPJTJEYIrpcPzVEIvg==

dom-helpers@^3.4.0:
  version "3.4.0"
  resolved "https://registry.npmjs.org/dom-helpers/-/dom-helpers-3.4.0.tgz"
  integrity sha512-LnuPJ+dwqKDIyotW1VzmOZ5TONUN7CwkCR5hrgawTUbkBGYdeoNLZo6nNfGkCrjtE1nXXaj7iMMpDa8/d9WoIA==
  dependencies:
    "@babel/runtime" "^7.1.2"

element-plus@^2.9.4:
  version "2.13.7"
  resolved "https://registry.npmjs.org/element-plus/-/element-plus-2.13.7.tgz"
  integrity sha512-XdHATFZOyzVFL1DaHQ90IOJQSg9UnSAV+bhDW+YB5UoZ0Hxs50mwqjqfwXkuwpSag+VXXizVcErBR6Movo5daw==
  dependencies:
    "@ctrl/tinycolor" "^4.2.0"
    "@element-plus/icons-vue" "^2.3.2"
    "@floating-ui/dom" "^1.0.1"
    "@popperjs/core" "npm:@sxzz/popperjs-es@^2.11.7"
    "@types/lodash" "^4.17.20"
    "@types/lodash-es" "^4.17.12"
    "@vueuse/core" "12.0.0"
    async-validator "^4.2.5"
    dayjs "^1.11.19"
    lodash "^4.17.23"
    lodash-es "^4.17.23"
    lodash-unified "^1.0.3"
    memoize-one "^6.0.0"
    normalize-wheel-es "^1.2.0"
    vue-component-type-helpers "^3.2.4"

entities@^7.0.1:
  version "7.0.1"
  resolved "https://registry.npmjs.org/entities/-/entities-7.0.1.tgz"
  integrity sha512-TWrgLOFUQTH994YUyl1yT4uyavY5nNB5muff+RtWaqNVCAK408b5ZnnbNAUEWLTCpum9w6arT70i1XdQ4UeOPA==

esbuild-windows-64@0.14.39:
  version "0.14.39"
  resolved "https://registry.npmjs.org/esbuild-windows-64/-/esbuild-windows-64-0.14.39.tgz"
  integrity sha512-E2wm+5FwCcLpKsBHRw28bSYQw0Ikxb7zIMxw3OPAkiaQhLVr3dnVO8DofmbWhhf6b97bWzg37iSZ45ZDpLw7Ow==

esbuild@^0.14.27:
  version "0.14.39"
  resolved "https://registry.npmjs.org/esbuild/-/esbuild-0.14.39.tgz"
  integrity sha512-2kKujuzvRWYtwvNjYDY444LQIA3TyJhJIX3Yo4+qkFlDDtGlSicWgeHVJqMUP/2sSfH10PGwfsj+O2ro1m10xQ==
  optionalDependencies:
    esbuild-android-64 "0.14.39"
    esbuild-android-arm64 "0.14.39"
    esbuild-darwin-64 "0.14.39"
    esbuild-darwin-arm64 "0.14.39"
    esbuild-freebsd-64 "0.14.39"
    esbuild-freebsd-arm64 "0.14.39"
    esbuild-linux-32 "0.14.39"
    esbuild-linux-64 "0.14.39"
    esbuild-linux-arm "0.14.39"
    esbuild-linux-arm64 "0.14.39"
    esbuild-linux-mips64le "0.14.39"
    esbuild-linux-ppc64le "0.14.39"
    esbuild-linux-riscv64 "0.14.39"
    esbuild-linux-s390x "0.14.39"
    esbuild-netbsd-64 "0.14.39"
    esbuild-openbsd-64 "0.14.39"
    esbuild-sunos-64 "0.14.39"
    esbuild-windows-32 "0.14.39"
    esbuild-windows-64 "0.14.39"
    esbuild-windows-arm64 "0.14.39"

estree-walker@^2.0.1, estree-walker@^2.0.2:
  version "2.0.2"
  resolved "https://registry.npmjs.org/estree-walker/-/estree-walker-2.0.2.tgz"
  integrity sha512-Rfkk/Mp/DL7JVje3u18FxFujQlTNR2q6QfMSMB7AvCBx91NGj/ba3kCfza0f6dVDbw7YlRf/nDrn7pQrCCyQ/w==

eventemitter3@^4.0.1:
  version "4.0.7"
  resolved "https://registry.npmjs.org/eventemitter3/-/eventemitter3-4.0.7.tgz"
  integrity sha512-8guHBZCwKnFhYdHr2ysuRWErTwhoN2X8XELRlrRwpmfeY2jjuUN4taQMsULKUVo1K4DvZl+0pgfyoysHxvmvEw==

fast-equals@^5.0.0:
  version "5.4.0"
  resolved "https://registry.npmjs.org/fast-equals/-/fast-equals-5.4.0.tgz"
  integrity sha512-jt2DW/aNFNwke7AUd+Z+e6pz39KO5rzdbbFCg2sGafS4mk13MI7Z8O5z9cADNn5lhGODIgLwug6TZO2ctf7kcw==

fill-range@^7.0.1:
  version "7.0.1"
  resolved "https://registry.npmjs.org/fill-range/-/fill-range-7.0.1.tgz"
  integrity sha512-qOo9F+dMUmC2Lcb4BbVvnKJxTPjCm+RRpe4gDuGrzkL7mEVl/djYSu2OdQ2Pa302N4oqkSg9ir6jaLWJ2USVpQ==
  dependencies:
    to-regex-range "^5.0.1"

function-bind@^1.1.1:
  version "1.1.1"
  resolved "https://registry.npmjs.org/function-bind/-/function-bind-1.1.1.tgz"
  integrity sha512-yIovAzMX49sF8Yl58fSCWJ5svSLuaibPxXQJFLmBObTuCr0Mf1KiPopGM9NiFjiYBCbfaa2Fh6breQ6ANVTI0A==

gestalt-charts@^172.6.0:
  version "172.14.2"
  resolved "https://registry.npmjs.org/gestalt-charts/-/gestalt-charts-172.14.2.tgz"
  integrity sha512-oa5ETI66PqRiorMbHnDPWtyBKO1bU/R/SBMayBJFng4ETwBHgdPAe4vu/lT3ydjNg6/eHrvtuRt/ec9Qiw8NnQ==
  dependencies:
    recharts "2.8.0"

gestalt-design-tokens@>0.0.0:
  version "177.0.12"
  resolved "https://registry.npmjs.org/gestalt-design-tokens/-/gestalt-design-tokens-177.0.12.tgz"
  integrity sha512-puE02q7OCsJ2u/dJTX4cHEANDeH1POSEX7hBKF9O+GCQF8eoj4ovkvslzSQbp3pKlX+o65yVSirHR0z69IqG+Q==

gestalt@^172.6.0, gestalt@>0.0.0:
  version "172.14.2"
  resolved "https://registry.npmjs.org/gestalt/-/gestalt-172.14.2.tgz"
  integrity sha512-iLp1FV1s3d3DRXEMFNgtmaS8+jZCc82fHpM9k5g9/AGILFV+g6F132gGAYYEe8XU2PlVl40rfyYllJ01Tg7wgA==
  dependencies:
    "@floating-ui/react" "^0.25.4"
    classnames "^2.2.6"
    gestalt-design-tokens ">0.0.0"

gl-matrix@^3.4.3:
  version "3.4.3"
  resolved "https://registry.npmjs.org/gl-matrix/-/gl-matrix-3.4.3.tgz"
  integrity sha512-wcCp8vu8FT22BnvKVPjXa/ICBWRq/zjFfdofZy1WSpQZpphblv12/bOQLBC1rMM7SGOFS9ltVmKOHil5+Ml7gA==

glob-parent@~5.1.2:
  version "5.1.2"
  resolved "https://registry.npmjs.org/glob-parent/-/glob-parent-5.1.2.tgz"
  integrity sha512-AOIgSQCepiJYwP3ARnGx+5VnTu2HBYdzbGP45eLw1vr3zB3vZLeyed1sC9hnbcOc9/SrMyM5RPQrkGz4aS9Zow==
  dependencies:
    is-glob "^4.0.1"

has@^1.0.3:
  version "1.0.3"
  resolved "https://registry.npmjs.org/has/-/has-1.0.3.tgz"
  integrity sha512-f2dvO0VU6Oej7RkWJGrehjbzMAjFp5/VKPp5tTpWIV4JHHZK1/BxbFRtf/siA2SWTe09caDmVtYYzWEIbBS4zw==
  dependencies:
    function-bind "^1.1.1"

immutable@^4.0.0:
  version "4.2.2"
  resolved "https://registry.npmjs.org/immutable/-/immutable-4.2.2.tgz"
  integrity sha512-fTMKDwtbvO5tldky9QZ2fMX7slR0mYpY5nbnFWYp0fOzDhHqhgIw9KoYgxLWsoNTS9ZHGauHj18DTyEw6BK3Og==

"internmap@1 - 2":
  version "2.0.3"
  resolved "https://registry.npmjs.org/internmap/-/internmap-2.0.3.tgz"
  integrity sha512-5Hh7Y1wQbvY5ooGgPbDaL5iYLAPzMTUrjMulskHLH6wnv/A+1q5rgEaiuqEjB+oxGXIVZs1FF+R/KPN3ZSQYYg==

is-binary-path@~2.1.0:
  version "2.1.0"
  resolved "https://registry.npmjs.org/is-binary-path/-/is-binary-path-2.1.0.tgz"
  integrity sha512-ZMERYes6pDydyuGidse7OsHxtbI7WVeUEozgR/g7rd0xUimYNlvZRE/K2MgZTjWy725IfelLeVcEM97mmtRGXw==
  dependencies:
    binary-extensions "^2.0.0"

is-core-module@^2.8.1:
  version "2.9.0"
  resolved "https://registry.npmjs.org/is-core-module/-/is-core-module-2.9.0.tgz"
  integrity sha512-+5FPy5PnwmO3lvfMb0AsoPaBG+5KHUI0wYFXOtYPnVVVspTFUuMZNfNaNVRt3FZadstu2c8x23vykRW/NBoU6A==
  dependencies:
    has "^1.0.3"

is-extglob@^2.1.1:
  version "2.1.1"
  resolved "https://registry.npmjs.org/is-extglob/-/is-extglob-2.1.1.tgz"
  integrity sha512-SbKbANkN603Vi4jEZv49LeVJMn4yGwsbzZworEoyEiutsN3nJYdbO36zfhGJ6QEDpOZIFkDtnq5JRxmvl3jsoQ==

is-glob@^4.0.1, is-glob@~4.0.1:
  version "4.0.3"
  resolved "https://registry.npmjs.org/is-glob/-/is-glob-4.0.3.tgz"
  integrity sha512-xelSayHH36ZgE7ZWhli7pW34hNbNl8Ojv5KVmkJD4hBdD3th8Tfk9vYasLM+mXWOZhFkgZfxhLSnrwRr4elSSg==
  dependencies:
    is-extglob "^2.1.1"

is-number@^7.0.0:
  version "7.0.0"
  resolved "https://registry.npmjs.org/is-number/-/is-number-7.0.0.tgz"
  integrity sha512-41Cifkg6e8TylSpdtTpeLVMqvSBEVzTttHvERD741+pnZ8ANv0004MRL43QKPDlK9cGvNp6NZWZUBlbGXYxxng==

"js-tokens@^3.0.0 || ^4.0.0":
  version "4.0.0"
  resolved "https://registry.npmjs.org/js-tokens/-/js-tokens-4.0.0.tgz"
  integrity sha512-RdJUflcE3cUzKiMqQgsCu06FPu9UdIJO0beYbPhHN4k6apgJtifcoCtT9bcxOpYBtpD2kCM6Sbzg4CausW/PKQ==

lodash-es@*, lodash-es@^4.17.23:
  version "4.18.1"
  resolved "https://registry.npmjs.org/lodash-es/-/lodash-es-4.18.1.tgz"
  integrity sha512-J8xewKD/Gk22OZbhpOVSwcs60zhd95ESDwezOFuA3/099925PdHJ7OFHNTGtajL3AlZkykD32HykiMo+BIBI8A==

lodash-unified@^1.0.3:
  version "1.0.3"
  resolved "https://registry.npmjs.org/lodash-unified/-/lodash-unified-1.0.3.tgz"
  integrity sha512-WK9qSozxXOD7ZJQlpSqOT+om2ZfcT4yO+03FuzAHD0wF6S0l0090LRPDx3vhTTLZ8cFKpBn+IOcVXK6qOcIlfQ==

lodash@*, lodash@^4.17.19, lodash@^4.17.21, lodash@^4.17.23:
  version "4.18.1"
  resolved "https://registry.npmjs.org/lodash/-/lodash-4.18.1.tgz"
  integrity sha512-dMInicTPVE8d1e5otfwmmjlxkZoUpiVLwyeTdUsi/Caj/gfzzblBcCE5sRHV/AsjuCmxWrte2TNGSYuCeCq+0Q==

loose-envify@^1.4.0:
  version "1.4.0"
  resolved "https://registry.npmjs.org/loose-envify/-/loose-envify-1.4.0.tgz"
  integrity sha512-lyuxPGr/Wfhrlem2CL/UcnUc1zcqKAImBDzukY7Y5F/yQiNdko6+fRLevlw1HgMySw7f611UIY408EtxRSoK3Q==
  dependencies:
    js-tokens "^3.0.0 || ^4.0.0"

magic-string@^0.30.21:
  version "0.30.21"
  resolved "https://registry.npmjs.org/magic-string/-/magic-string-0.30.21.tgz"
  integrity sha512-vd2F4YUyEXKGcLHoq+TEyCjxueSeHnFxyyjNp80yg0XV4vUhnDer/lvvlqM/arB5bXQN5K2/3oinyCRyx8T2CQ==
  dependencies:
    "@jridgewell/sourcemap-codec" "^1.5.5"

memoize-one@^6.0.0:
  version "6.0.0"
  resolved "https://registry.npmjs.org/memoize-one/-/memoize-one-6.0.0.tgz"
  integrity sha512-rkpe71W0N0c0Xz6QD0eJETuWAJGnJ9afsl1srmwPrI+yBCkge5EycXXbYRyvL29zZVUWQCY7InPRCv3GDXuZNw==

muggle-string@^0.4.1:
  version "0.4.1"
  resolved "https://registry.npmjs.org/muggle-string/-/muggle-string-0.4.1.tgz"
  integrity sha512-VNTrAak/KhO2i8dqqnqnAHOa3cYBwXEZe9h+D5h/1ZqFSTEFHdM65lR7RoIqq3tBBYavsOXV84NoHXZ0AkPyqQ==

nanoid@^3.3.11:
  version "3.3.11"
  resolved "https://registry.npmjs.org/nanoid/-/nanoid-3.3.11.tgz"
  integrity sha512-N8SpfPUnUp1bK+PMYW8qSWdl9U+wwNWI4QKxOYDy9JAro3WMX7p2OeVRF9v+347pnakNevPmiHhNmZ2HbFA76w==

normalize-path@^3.0.0, normalize-path@~3.0.0:
  version "3.0.0"
  resolved "https://registry.npmjs.org/normalize-path/-/normalize-path-3.0.0.tgz"
  integrity sha512-6eZs5Ls3WtCisHWp9S2GUy8dqkpGi4BVSz3GaqiE6ezub0512ESztXUwUB6C6IKbQkY2Pnb/mD4WYojCRwcwLA==

normalize-wheel-es@^1.2.0:
  version "1.2.0"
  resolved "https://registry.npmjs.org/normalize-wheel-es/-/normalize-wheel-es-1.2.0.tgz"
  integrity sha512-Wj7+EJQ8mSuXr2iWfnujrimU35R2W4FAErEyTmJoJ7ucwTn2hOUSsRehMb5RSYkxXGTM7Y9QpvPmp++w5ftoJw==

object-assign@^4.1.1:
  version "4.1.1"
  resolved "https://registry.npmjs.org/object-assign/-/object-assign-4.1.1.tgz"
  integrity sha512-rJgTQnkUnH1sFw8yT6VSU3zD3sWmu6sZhIseY8VX+GRu3P6F7Fu+JNDoXfklElbLJSnc3FUQHVe4cU5hj+BcUg==

path-browserify@^1.0.1:
  version "1.0.1"
  resolved "https://registry.npmjs.org/path-browserify/-/path-browserify-1.0.1.tgz"
  integrity sha512-b7uo2UCUOYZcnF/3ID0lulOJi/bafxa1xPe7ZPsammBSpjSWQkjNxlt635YGS2MiR9GjvuXCtz2emr3jbsz98g==

path-parse@^1.0.7:
  version "1.0.7"
  resolved "https://registry.npmjs.org/path-parse/-/path-parse-1.0.7.tgz"
  integrity sha512-LDJzPVEEEPR+y48z93A0Ed0yXb8pAByGWo/k5YYdYgpY2/2EsOsksJrq7lOHxryrVOn1ejG6oAp8ahvOIQD8sw==

picocolors@^1.1.1:
  version "1.1.1"
  resolved "https://registry.npmjs.org/picocolors/-/picocolors-1.1.1.tgz"
  integrity sha512-xceH2snhtb5M9liqDsmEw56le376mTZkEX/jEb/RxNFyegNul7eNslCXP9FDj/Lcu0X8KEyMceP2ntpaHrDEVA==

picomatch@^2.0.4, picomatch@^2.2.1, picomatch@^2.2.2:
  version "2.3.1"
  resolved "https://registry.npmjs.org/picomatch/-/picomatch-2.3.1.tgz"
  integrity sha512-JU3teHTNjmE2VCGFzuY8EXzCDVwEqB2a8fsIvwaStHhAWJEeVd1o1QD80CU6+ZdEXXSLbSsuLwJjkCBWqRQUVA==

picomatch@^4.0.4:
  version "4.0.4"
  resolved "https://registry.npmjs.org/picomatch/-/picomatch-4.0.4.tgz"
  integrity sha512-QP88BAKvMam/3NxH6vj2o21R6MjxZUAd6nlwAS/pnGvN9IVLocLHxGYIzFhg6fUQ+5th6P4dv4eW9jX3DSIj7A==

postcss-value-parser@^3.3.0:
  version "3.3.1"
  resolved "https://registry.npmjs.org/postcss-value-parser/-/postcss-value-parser-3.3.1.tgz"
  integrity sha512-pISE66AbVkp4fDQ7VHBwRNXzAAKJjw4Vw7nWI/+Q3vuly7SNfgYXvm6i5IgFylHGK5sP/xHAbB7N49OS4gWNyQ==

postcss@^8.4.13, postcss@^8.5.10:
  version "8.5.10"
  resolved "https://registry.npmjs.org/postcss/-/postcss-8.5.10.tgz"
  integrity sha512-pMMHxBOZKFU6HgAZ4eyGnwXF/EvPGGqUr0MnZ5+99485wwW41kW91A4LOGxSHhgugZmSChL5AlElNdwlNgcnLQ==
  dependencies:
    nanoid "^3.3.11"
    picocolors "^1.1.1"
    source-map-js "^1.2.1"

prop-types@^15.6.0, prop-types@^15.6.2:
  version "15.8.1"
  resolved "https://registry.npmjs.org/prop-types/-/prop-types-15.8.1.tgz"
  integrity sha512-oj87CgZICdulUohogVAR7AjlC0327U4el4L6eAvOqCeudMDVU0NThNaV+b9Df4dXgSP1gXMTnPdhfe/2qDH5cg==
  dependencies:
    loose-envify "^1.4.0"
    object-assign "^4.1.1"
    react-is "^16.13.1"

"react-dom@^15.0.0 || ^16.0.0 || ^17.0.0 || ^18.0.0", "react-dom@^16.0.0 || ^17.0.0 || ^18.0.0", "react-dom@^18.0.0 || ^19.0.0", react-dom@^19.0.0, react-dom@>=15.0.0, react-dom@>=16.8.0:
  version "19.2.5"
  resolved "https://registry.npmjs.org/react-dom/-/react-dom-19.2.5.tgz"
  integrity sha512-J5bAZz+DXMMwW/wV3xzKke59Af6CHY7G4uYLN1OvBcKEsWOs4pQExj86BBKamxl/Ik5bx9whOrvBlSDfWzgSag==
  dependencies:
    scheduler "^0.27.0"

react-is@^16.10.2, react-is@^16.13.1:
  version "16.13.1"
  resolved "https://registry.npmjs.org/react-is/-/react-is-16.13.1.tgz"
  integrity sha512-24e6ynE2H+OKt4kqsOvNd8kBpV65zoxbA4BVsEOB3ARVWQki/DHzaUoC5KuON/BiccDaCCTZBuOcfZs70kR8bQ==

react-lifecycles-compat@^3.0.4:
  version "3.0.4"
  resolved "https://registry.npmjs.org/react-lifecycles-compat/-/react-lifecycles-compat-3.0.4.tgz"
  integrity sha512-fBASbA6LnOU9dOU2eW7aQ8xmYBSXUIWr+UmF9b1efZBazGNO+rcXT/icdKnYm2pTwcRylVUYwW7H1PHfLekVzA==

react-resize-detector@^8.0.4:
  version "8.1.0"
  resolved "https://registry.npmjs.org/react-resize-detector/-/react-resize-detector-8.1.0.tgz"
  integrity sha512-S7szxlaIuiy5UqLhLL1KY3aoyGHbZzsTpYal9eYMwCyKqoqoVLCmIgAgNyIM1FhnP2KyBygASJxdhejrzjMb+w==
  dependencies:
    lodash "^4.17.21"

react-smooth@^2.0.2:
  version "2.0.5"
  resolved "https://registry.npmjs.org/react-smooth/-/react-smooth-2.0.5.tgz"
  integrity sha512-BMP2Ad42tD60h0JW6BFaib+RJuV5dsXJK9Baxiv/HlNFjvRLqA9xrNKxVWnUIZPQfzUwGXIlU/dSYLU+54YGQA==
  dependencies:
    fast-equals "^5.0.0"
    react-transition-group "2.9.0"

react-transition-group@2.9.0:
  version "2.9.0"
  resolved "https://registry.npmjs.org/react-transition-group/-/react-transition-group-2.9.0.tgz"
  integrity sha512-+HzNTCHpeQyl4MJ/bdE0u6XRMe9+XG/+aL4mCxVN4DnPBQ0/5bfHWPDuOZUzYdMj94daZaZdCCc1Dzt9R/xSSg==
  dependencies:
    dom-helpers "^3.4.0"
    loose-envify "^1.4.0"
    prop-types "^15.6.2"
    react-lifecycles-compat "^3.0.4"

"react@^15.0.0 || ^16.0.0 || ^17.0.0 || ^18.0.0", "react@^16.0.0 || ^17.0.0 || ^18.0.0", "react@^18.0.0 || ^19.0.0", react@^19.0.0, react@^19.2.5, react@>=15.0.0, react@>=16.8.0:
  version "19.2.5"
  resolved "https://registry.npmjs.org/react/-/react-19.2.5.tgz"
  integrity sha512-llUJLzz1zTUBrskt2pwZgLq59AemifIftw4aB7JxOqf1HY2FDaGDxgwpAPVzHU1kdWabH7FauP4i1oEeer2WCA==

readdirp@~3.6.0:
  version "3.6.0"
  resolved "https://registry.npmjs.org/readdirp/-/readdirp-3.6.0.tgz"
  integrity sha512-hOS089on8RduqdbhvQ5Z37A0ESjsqz6qnRcffsMU3495FuTdqSm+7bhJ29JvIOsBDEEnan5DPu9t3To9VRlMzA==
  dependencies:
    picomatch "^2.2.1"

recharts-scale@^0.4.4:
  version "0.4.5"
  resolved "https://registry.npmjs.org/recharts-scale/-/recharts-scale-0.4.5.tgz"
  integrity sha512-kivNFO+0OcUNu7jQquLXAxz1FIwZj8nrj+YkOKc5694NbjCvcT6aSZiIzNzd2Kul4o4rTto8QVR9lMNtxD4G1w==
  dependencies:
    decimal.js-light "^2.4.1"

recharts@2.8.0:
  version "2.8.0"
  resolved "https://registry.npmjs.org/recharts/-/recharts-2.8.0.tgz"
  integrity sha512-nciXqQDh3aW8abhwUlA4EBOBusRHLNiKHfpRZiG/yjups1x+auHb2zWPuEcTn/IMiN47vVMMuF8Sr+vcQJtsmw==
  dependencies:
    classnames "^2.2.5"
    eventemitter3 "^4.0.1"
    lodash "^4.17.19"
    react-is "^16.10.2"
    react-resize-detector "^8.0.4"
    react-smooth "^2.0.2"
    recharts-scale "^0.4.4"
    reduce-css-calc "^2.1.8"
    victory-vendor "^36.6.8"

reduce-css-calc@^2.1.8:
  version "2.1.8"
  resolved "https://registry.npmjs.org/reduce-css-calc/-/reduce-css-calc-2.1.8.tgz"
  integrity sha512-8liAVezDmUcH+tdzoEGrhfbGcP7nOV4NkGE3a74+qqvE7nt9i4sKLGBuZNOnpI4WiGksiNPklZxva80061QiPg==
  dependencies:
    css-unit-converter "^1.1.1"
    postcss-value-parser "^3.3.0"

resolve@^1.22.0:
  version "1.22.0"
  resolved "https://registry.npmjs.org/resolve/-/resolve-1.22.0.tgz"
  integrity sha512-Hhtrw0nLeSrFQ7phPp4OOcVjLPIeMnRlr5mcnVuMe7M/7eBn98A3hmFRLoFo3DLZkivSYwhRUJTyPyWAk56WLw==
  dependencies:
    is-core-module "^2.8.1"
    path-parse "^1.0.7"
    supports-preserve-symlinks-flag "^1.0.0"

rollup@^2.59.0:
  version "2.73.0"
  resolved "https://registry.npmjs.org/rollup/-/rollup-2.73.0.tgz"
  integrity sha512-h/UngC3S4Zt28mB3g0+2YCMegT5yoftnQplwzPqGZcKvlld5e+kT/QRmJiL+qxGyZKOYpgirWGdLyEO1b0dpLQ==
  optionalDependencies:
    fsevents "~2.3.2"

sass@*, sass@^1.57.1:
  version "1.57.1"
  resolved "https://registry.npmjs.org/sass/-/sass-1.57.1.tgz"
  integrity sha512-O2+LwLS79op7GI0xZ8fqzF7X2m/m8WFfI02dHOdsK5R2ECeS5F62zrwg/relM1rjSLy7Vd/DiMNIvPrQGsA0jw==
  dependencies:
    chokidar ">=3.0.0 <4.0.0"
    immutable "^4.0.0"
    source-map-js ">=0.6.2 <2.0.0"

scheduler@^0.27.0:
  version "0.27.0"
  resolved "https://registry.npmjs.org/scheduler/-/scheduler-0.27.0.tgz"
  integrity sha512-eNv+WrVbKu1f3vbYJT/xtiF5syA5HPIMtf9IgY/nKg0sWqzAUEvqY/xm7OcZc/qafLx/iO9FgOmeSAp4v5ti/Q==

source-map-js@^1.2.1, "source-map-js@>=0.6.2 <2.0.0":
  version "1.2.1"
  resolved "https://registry.npmjs.org/source-map-js/-/source-map-js-1.2.1.tgz"
  integrity sha512-UXWMKhLOwVKb728IUtQPXxfYU+usdybtUrK/8uGE8CQMvrhOpwvzDBwj0QhSL7MQc7vIsISBG8VQ8+IDQxpfQA==

supports-preserve-symlinks-flag@^1.0.0:
  version "1.0.0"
  resolved "https://registry.npmjs.org/supports-preserve-symlinks-flag/-/supports-preserve-symlinks-flag-1.0.0.tgz"
  integrity sha512-ot0WnXS9fgdkgIcePe6RHNk1WA8+muPa6cSjeR3V8K27q9BB1rTE3R1p7Hv0z1ZyAc8s6Vvv8DIyWf681MAt0w==

tabbable@^6.0.1:
  version "6.4.0"
  resolved "https://registry.npmjs.org/tabbable/-/tabbable-6.4.0.tgz"
  integrity sha512-05PUHKSNE8ou2dwIxTngl4EzcnsCDZGJ/iCLtDflR/SHB/ny14rXc+qU5P4mG9JkusiV7EivzY9Mhm55AzAvCg==

to-regex-range@^5.0.1:
  version "5.0.1"
  resolved "https://registry.npmjs.org/to-regex-range/-/to-regex-range-5.0.1.tgz"
  integrity sha512-65P7iz6X5yEr1cwcgvQxbbIw7Uk3gOy5dIdtZ4rDveLqhrdJP+Li/Hx6tyK0NEb+2GCyneCMJiGqrADCSNk8sQ==
  dependencies:
    is-number "^7.0.0"

typescript@*, typescript@^5.3.3, typescript@>=5.0.0:
  version "5.3.3"
  resolved "https://registry.npmjs.org/typescript/-/typescript-5.3.3.tgz"
  integrity sha512-pXWcraxM0uxAS+tN0AG/BF2TyqmHO014Z070UsJ+pFvYuRSq8KH8DmWpnbXe0pEPDHXZV3FcAbJkijJ5oNEnWw==

victory-vendor@^36.6.8:
  version "36.9.2"
  resolved "https://registry.npmjs.org/victory-vendor/-/victory-vendor-36.9.2.tgz"
  integrity sha512-PnpQQMuxlwYdocC8fIJqVXvkeViHYzotI+NJrCuav0ZYFoq912ZHBk3mCeuj+5/VpodOjPe1z0Fk2ihgzlXqjQ==
  dependencies:
    "@types/d3-array" "^3.0.3"
    "@types/d3-ease" "^3.0.0"
    "@types/d3-interpolate" "^3.0.1"
    "@types/d3-scale" "^4.0.2"
    "@types/d3-shape" "^3.1.0"
    "@types/d3-time" "^3.0.0"
    "@types/d3-timer" "^3.0.0"
    d3-array "^3.1.6"
    d3-ease "^3.0.1"
    d3-interpolate "^3.0.1"
    d3-scale "^4.0.2"
    d3-shape "^3.1.0"
    d3-time "^3.0.0"
    d3-timer "^3.0.1"

vite-plugin-string@^1.2.1:
  version "1.2.1"
  resolved "https://registry.npmjs.org/vite-plugin-string/-/vite-plugin-string-1.2.1.tgz"
  integrity sha512-o2iW2xlwnz24TQC6vUGP+haRuEIcQzSkxXK0+CqUYQOkmA75X9zTn8ZwwMx2xQJB7FEYchcIz24nozo5wcb30Q==
  dependencies:
    "@rollup/pluginutils" "^4.1.0"
    vite "^2.6.14"

vite@^2.5.10, vite@^2.6.14, vite@^2.9.9:
  version "2.9.9"
  resolved "https://registry.npmjs.org/vite/-/vite-2.9.9.tgz"
  integrity sha512-ffaam+NgHfbEmfw/Vuh6BHKKlI/XIAhxE5QSS7gFLIngxg171mg1P3a4LSRME0z2ZU1ScxoKzphkipcYwSD5Ew==
  dependencies:
    esbuild "^0.14.27"
    postcss "^8.4.13"
    resolve "^1.22.0"
    rollup "^2.59.0"
  optionalDependencies:
    fsevents "~2.3.2"

vscode-uri@^3.0.8:
  version "3.1.0"
  resolved "https://registry.npmjs.org/vscode-uri/-/vscode-uri-3.1.0.tgz"
  integrity sha512-/BpdSx+yCQGnCvecbyXdxHDkuk55/G3xwnC0GqY4gmQ3j+A+g8kzzgB4Nk/SINjqn6+waqw3EgbVF2QKExkRxQ==

vue-component-type-helpers@^3.2.4:
  version "3.2.7"
  resolved "https://registry.npmjs.org/vue-component-type-helpers/-/vue-component-type-helpers-3.2.7.tgz"
  integrity sha512-+gPp5YGmhfsj1IN+xUo7y0fb4clfnOiiUA39y07yW1VzCRjzVgwLbtmdWlghh7mXrPsEaYc7rrIir/HT6C8vYQ==

vue-tsc@^3.2.7:
  version "3.2.7"
  resolved "https://registry.npmjs.org/vue-tsc/-/vue-tsc-3.2.7.tgz"
  integrity sha512-zc1tL3HoQni1zGTGrwBVRQb7rGP5SWdu/m4rGB6JcnAC5MT5LFZIxF7Y+EJEnt4hGF23d60rXH7gRjHGb5KQQQ==
  dependencies:
    "@volar/typescript" "2.4.28"
    "@vue/language-core" "3.2.7"

vue@^3.2.0, vue@^3.2.25, vue@^3.3.0, vue@^3.5.13, vue@3.5.33:
  version "3.5.33"
  resolved "https://registry.npmjs.org/vue/-/vue-3.5.33.tgz"
  integrity sha512-1AgChhx5w3ALgT4oK3acm2Es/7jyZhWSVUfs3rOBlGQC0rjEDkS7G4lWlJJGGNQD+BV3reCwbQrOe1mPNwKHBQ==
  dependencies:
    "@vue/compiler-dom" "3.5.33"
    "@vue/compiler-sfc" "3.5.33"
    "@vue/runtime-dom" "3.5.33"
    "@vue/server-renderer" "3.5.33"
    "@vue/shared" "3.5.33"
